// !$*UTF8*$!
{
	archiveVersion = 1;
	classes = {
	};
	objectVersion = 55;
	objects = {

/* Begin PBXBuildFile section */
		F50B222E27EF348F0056F5F2 /* AppDelegate.swift in Sources */ = {isa = PBXBuildFile; fileRef = F50B222D27EF348F0056F5F2 /* AppDelegate.swift */; };
		F50B223027EF348F0056F5F2 /* SceneDelegate.swift in Sources */ = {isa = PBXBuildFile; fileRef = F50B222F27EF348F0056F5F2 /* SceneDelegate.swift */; };
		F5D7542527EF37490018F9D1 /* InterestCell.xib in Resources */ = {isa = PBXBuildFile; fileRef = F5D7542327EF37490018F9D1 /* InterestCell.xib */; };
		F5D7542627EF37490018F9D1 /* InterestCell.swift in Sources */ = {isa = PBXBuildFile; fileRef = F5D7542427EF37490018F9D1 /* InterestCell.swift */; };
		F5D7542C27EF37590018F9D1 /* SignUpViewController.swift in Sources */ = {isa = PBXBuildFile; fileRef = F5D7542827EF37590018F9D1 /* SignUpViewController.swift */; };
		F5D7542D27EF37590018F9D1 /* EmailCheckViewController.swift in Sources */ = {isa = PBXBuildFile; fileRef = F5D7542927EF37590018F9D1 /* EmailCheckViewController.swift */; };
		F5D7542E27EF37590018F9D1 /* InterestsViewController.swift in Sources */ = {isa = PBXBuildFile; fileRef = F5D7542A27EF37590018F9D1 /* InterestsViewController.swift */; };
		F5D7542F27EF37590018F9D1 /* SignInViewController.swift in Sources */ = {isa = PBXBuildFile; fileRef = F5D7542B27EF37590018F9D1 /* SignInViewController.swift */; };
		F5D7543327EF37B30018F9D1 /* Main.storyboard in Resources */ = {isa = PBXBuildFile; fileRef = F5D7543227EF37B30018F9D1 /* Main.storyboard */; };
		F5D7543527EF38800018F9D1 /* Assets.xcassets in Resources */ = {isa = PBXBuildFile; fileRef = F5D7543427EF38800018F9D1 /* Assets.xcassets */; };
/* End PBXBuildFile section */

/* Begin PBXFileReference section */
		F50B222A27EF348F0056F5F2 /* Matty.app */ = {isa = PBXFileReference; explicitFileType = wrapper.application; includeInIndex = 0; path = Matty.app; sourceTree = BUILT_PRODUCTS_DIR; };
		F50B222D27EF348F0056F5F2 /* AppDelegate.swift */ = {isa = PBXFileReference; lastKnownFileType = sourcecode.swift; path = AppDelegate.swift; sourceTree = "<group>"; };
		F50B222F27EF348F0056F5F2 /* SceneDelegate.swift */ = {isa = PBXFileReference; lastKnownFileType = sourcecode.swift; path = SceneDelegate.swift; sourceTree = "<group>"; };
		F50B223B27EF34900056F5F2 /* Info.plist */ = {isa = PBXFileReference; lastKnownFileType = text.plist.xml; path = Info.plist; sourceTree = "<group>"; };
		F5D7542327EF37490018F9D1 /* InterestCell.xib */ = {isa = PBXFileReference; fileEncoding = 4; lastKnownFileType = file.xib; path = InterestCell.xib; sourceTree = "<group>"; };
		F5D7542427EF37490018F9D1 /* InterestCell.swift */ = {isa = PBXFileReference; fileEncoding = 4; lastKnownFileType = sourcecode.swift; path = InterestCell.swift; sourceTree = "<group>"; };
		F5D7542827EF37590018F9D1 /* SignUpViewController.swift */ = {isa = PBXFileReference; fileEncoding = 4; lastKnownFileType = sourcecode.swift; path = SignUpViewController.swift; sourceTree = "<group>"; };
		F5D7542927EF37590018F9D1 /* EmailCheckViewController.swift */ = {isa = PBXFileReference; fileEncoding = 4; lastKnownFileType = sourcecode.swift; path = EmailCheckViewController.swift; sourceTree = "<group>"; };
		F5D7542A27EF37590018F9D1 /* InterestsViewController.swift */ = {isa = PBXFileReference; fileEncoding = 4; lastKnownFileType = sourcecode.swift; path = InterestsViewController.swift; sourceTree = "<group>"; };
		F5D7542B27EF37590018F9D1 /* SignInViewController.swift */ = {isa = PBXFileReference; fileEncoding = 4; lastKnownFileType = sourcecode.swift; path = SignInViewController.swift; sourceTree = "<group>"; };
		F5D7543227EF37B30018F9D1 /* Main.storyboard */ = {isa = PBXFileReference; fileEncoding = 4; lastKnownFileType = file.storyboard; path = Main.storyboard; sourceTree = "<group>"; };
		F5D7543427EF38800018F9D1 /* Assets.xcassets */ = {isa = PBXFileReference; lastKnownFileType = folder.assetcatalog; path = Assets.xcassets; sourceTree = "<group>"; };
/* End PBXFileReference section */

/* Begin PBXFrameworksBuildPhase section */
		F50B222727EF348F0056F5F2 /* Frameworks */ = {
			isa = PBXFrameworksBuildPhase;
			buildActionMask = 2147483647;
			files = (
			);
			runOnlyForDeploymentPostprocessing = 0;
		};
/* End PBXFrameworksBuildPhase section */

/* Begin PBXGroup section */
		F50B222127EF348F0056F5F2 = {
			isa = PBXGroup;
			children = (
				F50B222C27EF348F0056F5F2 /* Matty */,
				F50B222B27EF348F0056F5F2 /* Products */,
			);
			sourceTree = "<group>";
		};
		F50B222B27EF348F0056F5F2 /* Products */ = {
			isa = PBXGroup;
			children = (
				F50B222A27EF348F0056F5F2 /* Matty.app */,
			);
			name = Products;
			sourceTree = "<group>";
		};
		F50B222C27EF348F0056F5F2 /* Matty */ = {
			isa = PBXGroup;
			children = (
				F5D7543427EF38800018F9D1 /* Assets.xcassets */,
				F50B223B27EF34900056F5F2 /* Info.plist */,
				F5D7543227EF37B30018F9D1 /* Main.storyboard */,
				F50B222D27EF348F0056F5F2 /* AppDelegate.swift */,
				F50B222F27EF348F0056F5F2 /* SceneDelegate.swift */,
				F5D7542727EF37590018F9D1 /* ViewController */,
				F5D7542227EF37490018F9D1 /* View */,
			);
			path = Matty;
			sourceTree = "<group>";
		};
		F5D7542227EF37490018F9D1 /* View */ = {
			isa = PBXGroup;
			children = (
				F5D7542327EF37490018F9D1 /* InterestCell.xib */,
				F5D7542427EF37490018F9D1 /* InterestCell.swift */,
			);
			path = View;
			sourceTree = "<group>";
		};
		F5D7542727EF37590018F9D1 /* ViewController */ = {
			isa = PBXGroup;
			children = (
				F5D7542827EF37590018F9D1 /* SignUpViewController.swift */,
				F5D7542B27EF37590018F9D1 /* SignInViewController.swift */,
				F5D7542927EF37590018F9D1 /* EmailCheckViewController.swift */,
				F5D7542A27EF37590018F9D1 /* InterestsViewController.swift */,
			);
			path = ViewController;
			sourceTree = "<group>";
		};
/* End PBXGroup section */

/* Begin PBXNativeTarget section */
		F50B222927EF348F0056F5F2 /* Matty */ = {
			isa = PBXNativeTarget;
			buildConfigurationList = F50B223E27EF34900056F5F2 /* Build configuration list for PBXNativeTarget "Matty" */;
			buildPhases = (
				F50B222627EF348F0056F5F2 /* Sources */,
				F50B222727EF348F0056F5F2 /* Frameworks */,
				F50B222827EF348F0056F5F2 /* Resources */,
			);
			buildRules = (
			);
			dependencies = (
			);
			name = Matty;
			productName = Matty;
			productReference = F50B222A27EF348F0056F5F2 /* Matty.app */;
			productType = "com.apple.product-type.application";
		};
/* End PBXNativeTarget section */

/* Begin PBXProject section */
		F50B222227EF348F0056F5F2 /* Project object */ = {
			isa = PBXProject;
			attributes = {
				BuildIndependentTargetsInParallel = 1;
				LastSwiftUpdateCheck = 1330;
				LastUpgradeCheck = 1330;
				TargetAttributes = {
					F50B222927EF348F0056F5F2 = {
						CreatedOnToolsVersion = 13.3;
					};
				};
			};
			buildConfigurationList = F50B222527EF348F0056F5F2 /* Build configuration list for PBXProject "Matty" */;
			compatibilityVersion = "Xcode 13.0";
			developmentRegion = en;
			hasScannedForEncodings = 0;
			knownRegions = (
				en,
				Base,
			);
			mainGroup = F50B222127EF348F0056F5F2;
			productRefGroup = F50B222B27EF348F0056F5F2 /* Products */;
			projectDirPath = "";
			projectRoot = "";
			targets = (
				F50B222927EF348F0056F5F2 /* Matty */,
			);
		};
/* End PBXProject section */

/* Begin PBXResourcesBuildPhase section */
		F50B222827EF348F0056F5F2 /* Resources */ = {
			isa = PBXResourcesBuildPhase;
			buildActionMask = 2147483647;
			files = (
				F5D7542527EF37490018F9D1 /* InterestCell.xib in Resources */,
				F5D7543527EF38800018F9D1 /* Assets.xcassets in Resources */,
				F5D7543327EF37B30018F9D1 /* Main.storyboard in Resources */,
			);
			runOnlyForDeploymentPostprocessing = 0;
		};
/* End PBXResourcesBuildPhase section */

/* Begin PBXSourcesBuildPhase section */
		F50B222627EF348F0056F5F2 /* Sources */ = {
			isa = PBXSourcesBuildPhase;
			buildActionMask = 2147483647;
			files = (
				F5D7542F27EF37590018F9D1 /* SignInViewController.swift in Sources */,
				F50B222E27EF348F0056F5F2 /* AppDelegate.swift in Sources */,
				F5D7542627EF37490018F9D1 /* InterestCell.swift in Sources */,
				F5D7542D27EF37590018F9D1 /* EmailCheckViewController.swift in Sources */,
				F5D7542C27EF37590018F9D1 /* SignUpViewController.swift in Sources */,
				F5D7542E27EF37590018F9D1 /* InterestsViewController.swift in Sources */,
				F50B223027EF348F0056F5F2 /* SceneDelegate.swift in Sources */,
			);
			runOnlyForDeploymentPostprocessing = 0;
		};
/* End PBXSourcesBuildPhase section */

/* Begin XCBuildConfiguration section */
		F50B223C27EF34900056F5F2 /* Debug */ = {
			isa = XCBuildConfiguration;
			buildSettings = {
				ALWAYS_SEARCH_USER_PATHS = NO;
				CLANG_ANALYZER_NONNULL = YES;
				CLANG_ANALYZER_NUMBER_OBJECT_CONVERSION = YES_AGGRESSIVE;
				CLANG_CXX_LANGUAGE_STANDARD = "gnu++17";
				CLANG_ENABLE_MODULES = YES;
				CLANG_ENABLE_OBJC_ARC = YES;
				CLANG_ENABLE_OBJC_WEAK = YES;
				CLANG_WARN_BLOCK_CAPTURE_AUTORELEASING = YES;
				CLANG_WARN_BOOL_CONVERSION = YES;
				CLANG_WARN_COMMA = YES;
				CLANG_WARN_CONSTANT_CONVERSION = YES;
				CLANG_WARN_DEPRECATED_OBJC_IMPLEMENTATIONS = YES;
				CLANG_WARN_DIRECT_OBJC_ISA_USAGE = YES_ERROR;
				CLANG_WARN_DOCUMENTATION_COMMENTS = YES;
				CLANG_WARN_EMPTY_BODY = YES;
				CLANG_WARN_ENUM_CONVERSION = YES;
				CLANG_WARN_INFINITE_RECURSION = YES;
				CLANG_WARN_INT_CONVERSION = YES;
				CLANG_WARN_NON_LITERAL_NULL_CONVERSION = YES;
				CLANG_WARN_OBJC_IMPLICIT_RETAIN_SELF = YES;
				CLANG_WARN_OBJC_LITERAL_CONVERSION = YES;
				CLANG_WARN_OBJC_ROOT_CLASS = YES_ERROR;
				CLANG_WARN_QUOTED_INCLUDE_IN_FRAMEWORK_HEADER = YES;
				CLANG_WARN_RANGE_LOOP_ANALYSIS = YES;
				CLANG_WARN_STRICT_PROTOTYPES = YES;
				CLANG_WARN_SUSPICIOUS_MOVE = YES;
				CLANG_WARN_UNGUARDED_AVAILABILITY = YES_AGGRESSIVE;
				CLANG_WARN_UNREACHABLE_CODE = YES;
				CLANG_WARN__DUPLICATE_METHOD_MATCH = YES;
				COPY_PHASE_STRIP = NO;
				DEBUG_INFORMATION_FORMAT = dwarf;
				ENABLE_STRICT_OBJC_MSGSEND = YES;
				ENABLE_TESTABILITY = YES;
				GCC_C_LANGUAGE_STANDARD = gnu11;
				GCC_DYNAMIC_NO_PIC = NO;
				GCC_NO_COMMON_BLOCKS = YES;
				GCC_OPTIMIZATION_LEVEL = 0;
				GCC_PREPROCESSOR_DEFINITIONS = (
					"DEBUG=1",
					"$(inherited)",
				);
				GCC_WARN_64_TO_32_BIT_CONVERSION = YES;
				GCC_WARN_ABOUT_RETURN_TYPE = YES_ERROR;
				GCC_WARN_UNDECLARED_SELECTOR = YES;
				GCC_WARN_UNINITIALIZED_AUTOS = YES_AGGRESSIVE;
				GCC_WARN_UNUSED_FUNCTION = YES;
				GCC_WARN_UNUSED_VARIABLE = YES;
				IPHONEOS_DEPLOYMENT_TARGET = 15.4;
				MTL_ENABLE_DEBUG_INFO = INCLUDE_SOURCE;
				MTL_FAST_MATH = YES;
				ONLY_ACTIVE_ARCH = YES;
				SDKROOT = iphoneos;
				SWIFT_ACTIVE_COMPILATION_CONDITIONS = DEBUG;
				SWIFT_OPTIMIZATION_LEVEL = "-Onone";
			};
			name = Debug;
		};
		F50B223D27EF34900056F5F2 /* Release */ = {
			isa = XCBuildConfiguration;
			buildSettings = {
				ALWAYS_SEARCH_USER_PATHS = NO;
				CLANG_ANALYZER_NONNULL = YES;
				CLANG_ANALYZER_NUMBER_OBJECT_CONVERSION = YES_AGGRESSIVE;
				CLANG_CXX_LANGUAGE_STANDARD = "gnu++17";
				CLANG_ENABLE_MODULES = YES;
				CLANG_ENABLE_OBJC_ARC = YES;
				CLANG_ENABLE_OBJC_WEAK = YES;
				CLANG_WARN_BLOCK_CAPTURE_AUTORELEASING = YES;
				CLANG_WARN_BOOL_CONVERSION = YES;
				CLANG_WARN_COMMA = YES;
				CLANG_WARN_CONSTANT_CONVERSION = YES;
				CLANG_WARN_DEPRECATED_OBJC_IMPLEMENTATIONS = YES;
				CLANG_WARN_DIRECT_OBJC_ISA_USAGE = YES_ERROR;
				CLANG_WARN_DOCUMENTATION_COMMENTS = YES;
				CLANG_WARN_EMPTY_BODY = YES;
				CLANG_WARN_ENUM_CONVERSION = YES;
				CLANG_WARN_INFINITE_RECURSION = YES;
				CLANG_WARN_INT_CONVERSION = YES;
				CLANG_WARN_NON_LITERAL_NULL_CONVERSION = YES;
				CLANG_WARN_OBJC_IMPLICIT_RETAIN_SELF = YES;
				CLANG_WARN_OBJC_LITERAL_CONVERSION = YES;
				CLANG_WARN_OBJC_ROOT_CLASS = YES_ERROR;
				CLANG_WARN_QUOTED_INCLUDE_IN_FRAMEWORK_HEADER = YES;
				CLANG_WARN_RANGE_LOOP_ANALYSIS = YES;
				CLANG_WARN_STRICT_PROTOTYPES = YES;
				CLANG_WARN_SUSPICIOUS_MOVE = YES;
				CLANG_WARN_UNGUARDED_AVAILABILITY = YES_AGGRESSIVE;
				CLANG_WARN_UNREACHABLE_CODE = YES;
				CLANG_WARN__DUPLICATE_METHOD_MATCH = YES;
				COPY_PHASE_STRIP = NO;
				DEBUG_INFORMATION_FORMAT = "dwarf-with-dsym";
				ENABLE_NS_ASSERTIONS = NO;
				ENABLE_STRICT_OBJC_MSGSEND = YES;
				GCC_C_LANGUAGE_STANDARD = gnu11;
				GCC_NO_COMMON_BLOCKS = YES;
				GCC_WARN_64_TO_32_BIT_CONVERSION = YES;
				GCC_WARN_ABOUT_RETURN_TYPE = YES_ERROR;
				GCC_WARN_UNDECLARED_SELECTOR = YES;
				GCC_WARN_UNINITIALIZED_AUTOS = YES_AGGRESSIVE;
				GCC_WARN_UNUSED_FUNCTION = YES;
				GCC_WARN_UNUSED_VARIABLE = YES;
				IPHONEOS_DEPLOYMENT_TARGET = 15.4;
				MTL_ENABLE_DEBUG_INFO = NO;
				MTL_FAST_MATH = YES;
				SDKROOT = iphoneos;
				SWIFT_COMPILATION_MODE = wholemodule;
				SWIFT_OPTIMIZATION_LEVEL = "-O";
				VALIDATE_PRODUCT = YES;
			};
			name = Release;
		};
		F50B223F27EF34900056F5F2 /* Debug */ = {
			isa = XCBuildConfiguration;
			buildSettings = {
				ASSETCATALOG_COMPILER_APPICON_NAME = AppIcon;
				ASSETCATALOG_COMPILER_GLOBAL_ACCENT_COLOR_NAME = AccentColor;
				CODE_SIGN_STYLE = Automatic;
				CURRENT_PROJECT_VERSION = 1;
				DEVELOPMENT_TEAM = 3Q29KV8QPY;
				GENERATE_INFOPLIST_FILE = YES;
				INFOPLIST_FILE = Matty/Info.plist;
				INFOPLIST_KEY_UIApplicationSupportsIndirectInputEvents = YES;
				INFOPLIST_KEY_UILaunchStoryboardName = LaunchScreen;
				INFOPLIST_KEY_UIMainStoryboardFile = Main;
				INFOPLIST_KEY_UISupportedInterfaceOrientations_iPad = "UIInterfaceOrientationPortrait UIInterfaceOrientationPortraitUpsideDown UIInterfaceOrientationLandscapeLeft UIInterfaceOrientationLandscapeRight";
				INFOPLIST_KEY_UISupportedInterfaceOrientations_iPhone = "UIInterfaceOrientationPortrait UIInterfaceOrientationLandscapeLeft UIInterfaceOrientationLandscapeRight";
				LD_RUNPATH_SEARCH_PATHS = (
					"$(inherited)",
					"@executable_path/Frameworks",
				);
				MARKETING_VERSION = 1.0;
				PRODUCT_BUNDLE_IDENTIFIER = "matty-app.Matty";
				PRODUCT_NAME = "$(TARGET_NAME)";
				SWIFT_EMIT_LOC_STRINGS = YES;
				SWIFT_VERSION = 5.0;
				TARGETED_DEVICE_FAMILY = "1,2";
			};
			name = Debug;
		};
		F50B224027EF34900056F5F2 /* Release */ = {
			isa = XCBuildConfiguration;
			buildSettings = {
				ASSETCATALOG_COMPILER_APPICON_NAME = AppIcon;
				ASSETCATALOG_COMPILER_GLOBAL_ACCENT_COLOR_NAME = AccentColor;
				CODE_SIGN_STYLE = Automatic;
				CURRENT_PROJECT_VERSION = 1;
				DEVELOPMENT_TEAM = 3Q29KV8QPY;
				GENERATE_INFOPLIST_FILE = YES;
				INFOPLIST_FILE = Matty/Info.plist;
				INFOPLIST_KEY_UIApplicationSupportsIndirectInputEvents = YES;
				INFOPLIST_KEY_UILaunchStoryboardName = LaunchScreen;
				INFOPLIST_KEY_UIMainStoryboardFile = Main;
				INFOPLIST_KEY_UISupportedInterfaceOrientations_iPad = "UIInterfaceOrientationPortrait UIInterfaceOrientationPortraitUpsideDown UIInterfaceOrientationLandscapeLeft UIInterfaceOrientationLandscapeRight";
				INFOPLIST_KEY_UISupportedInterfaceOrientations_iPhone = "UIInterfaceOrientationPortrait UIInterfaceOrientationLandscapeLeft UIInterfaceOrientationLandscapeRight";
				LD_RUNPATH_SEARCH_PATHS = (
					"$(inherited)",
					"@executable_path/Frameworks",
				);
				MARKETING_VERSION = 1.0;
				PRODUCT_BUNDLE_IDENTIFIER = "matty-app.Matty";
				PRODUCT_NAME = "$(TARGET_NAME)";
				SWIFT_EMIT_LOC_STRINGS = YES;
				SWIFT_VERSION = 5.0;
				TARGETED_DEVICE_FAMILY = "1,2";
			};
			name = Release;
		};
/* End XCBuildConfiguration section */

/* Begin XCConfigurationList section */
		F50B222527EF348F0056F5F2 /* Build configuration list for PBXProject "Matty" */ = {
			isa = XCConfigurationList;
			buildConfigurations = (
				F50B223C27EF34900056F5F2 /* Debug */,
				F50B223D27EF34900056F5F2 /* Release */,
			);
			defaultConfigurationIsVisible = 0;
			defaultConfigurationName = Release;
		};
		F50B223E27EF34900056F5F2 /* Build configuration list for PBXNativeTarget "Matty" */ = {
			isa = XCConfigurationList;
			buildConfigurations = (
				F50B223F27EF34900056F5F2 /* Debug */,
				F50B224027EF34900056F5F2 /* Release */,
			);
			defaultConfigurationIsVisible = 0;
			defaultConfigurationName = Release;
		};
/* End XCConfigurationList section */
	};
	rootObject = F50B222227EF348F0056F5F2 /* Project object */;
}
